
Microsoft Visual Studio Solution File, Format Version 12.00
# Visual Studio 15
Project("{FAE04EC0-301F-11D3-BF4B-00C04F79EFBC}") = "Assembly-CSharp", "Assembly-CSharp.csproj", "{7966C245-A65F-3D80-F769-BC255C6AC333}"
EndProject
Project("{FAE04EC0-301F-11D3-BF4B-00C04F79EFBC}") = "Assembly-CSharp-firstpass", "Assembly-CSharp-firstpass.csproj", "{122CB8ED-D118-5363-22FC-E0A5E10A5F57}"
EndProject
Project("{FAE04EC0-301F-11D3-BF4B-00C04F79EFBC}") = "Assembly-CSharp-Editor", "Assembly-CSharp-Editor.csproj", "{23D00A15-18D8-D6D7-731F-3791D83411E5}"
EndProject
Global
	GlobalSection(SolutionConfigurationPlatforms) = preSolution
		Debug|Any CPU = Debug|Any CPU
		Release|Any CPU = Release|Any CPU
	EndGlobalSection
	GlobalSection(ProjectConfigurationPlatforms) = postSolution
		{7966C245-A65F-3D80-F769-BC255C6AC333}.Debug|Any CPU.ActiveCfg = Debug|Any CPU
		{7966C245-A65F-3D80-F769-BC255C6AC333}.Debug|Any CPU.Build.0 = Debug|Any CPU
		{7966C245-A65F-3D80-F769-BC255C6AC333}.Release|Any CPU.ActiveCfg = Release|Any CPU
		{7966C245-A65F-3D80-F769-BC255C6AC333}.Release|Any CPU.Build.0 = Release|Any CPU
		{122CB8ED-D118-5363-22FC-E0A5E10A5F57}.Debug|Any CPU.ActiveCfg = Debug|Any CPU
		{122CB8ED-D118-5363-22FC-E0A5E10A5F57}.Debug|Any CPU.Build.0 = Debug|Any CPU
		{122CB8ED-D118-5363-22FC-E0A5E10A5F57}.Release|Any CPU.ActiveCfg = Release|Any CPU
		{122CB8ED-D118-5363-22FC-E0A5E10A5F57}.Release|Any CPU.Build.0 = Release|Any CPU
		{23D00A15-18D8-D6D7-731F-3791D83411E5}.Debug|Any CPU.ActiveCfg = Debug|Any CPU
		{23D00A15-18D8-D6D7-731F-3791D83411E5}.Debug|Any CPU.Build.0 = Debug|Any CPU
		{23D00A15-18D8-D6D7-731F-3791D83411E5}.Release|Any CPU.ActiveCfg = Release|Any CPU
		{23D00A15-18D8-D6D7-731F-3791D83411E5}.Release|Any CPU.Build.0 = Release|Any CPU
	EndGlobalSection
	GlobalSection(SolutionProperties) = preSolution
		HideSolutionNode = FALSE
	EndGlobalSection
EndGlobal
